// !$*UTF8*$!
{
	archiveVersion = 1;
	classes = {
	};
	objectVersion = 56;
	objects = {

/* Begin PBXBuildFile section */
		BFB803B62A334C3C0011F454 /* YouBikeManager.swift in Sources */ = {isa = PBXBuildFile; fileRef = BFB803B52A334C3C0011F454 /* YouBikeManager.swift */; };
		D8CB139D2A0D2E9B00BFB673 /* NTUST_APP.swift in Sources */ = {isa = PBXBuildFile; fileRef = D8CB139C2A0D2E9B00BFB673 /* NTUST_APP.swift */; };
		D8CB139F2A0D2E9B00BFB673 /* ContentView.swift in Sources */ = {isa = PBXBuildFile; fileRef = D8CB139E2A0D2E9B00BFB673 /* ContentView.swift */; };
		D8CB13A12A0D2E9E00BFB673 /* Assets.xcassets in Resources */ = {isa = PBXBuildFile; fileRef = D8CB13A02A0D2E9E00BFB673 /* Assets.xcassets */; };
		D8CB13A42A0D2E9E00BFB673 /* Preview Assets.xcassets in Resources */ = {isa = PBXBuildFile; fileRef = D8CB13A32A0D2E9E00BFB673 /* Preview Assets.xcassets */; };
		D8CB13A62A0D2E9E00BFB673 /* Persistence.swift in Sources */ = {isa = PBXBuildFile; fileRef = D8CB13A52A0D2E9E00BFB673 /* Persistence.swift */; };
		D8CB13A92A0D2E9E00BFB673 /* NTUST_APP.xcdatamodeld in Sources */ = {isa = PBXBuildFile; fileRef = D8CB13A72A0D2E9E00BFB673 /* NTUST_APP.xcdatamodeld */; };
		E712FBE42A27C0F8005282AE /* SchoolTimeTable.swift in Sources */ = {isa = PBXBuildFile; fileRef = E712FBE32A27C0F8005282AE /* SchoolTimeTable.swift */; };
		E712FBE62A27C37F005282AE /* TimeTableUnit.swift in Sources */ = {isa = PBXBuildFile; fileRef = E712FBE52A27C37F005282AE /* TimeTableUnit.swift */; };
		E712FBEF2A28689C005282AE /* LoginManager.swift in Sources */ = {isa = PBXBuildFile; fileRef = E712FBEE2A28689C005282AE /* LoginManager.swift */; };
		E772E5612A3215ED004CCCA8 /* AccountView.swift in Sources */ = {isa = PBXBuildFile; fileRef = E772E5602A3215ED004CCCA8 /* AccountView.swift */; };
		E772E5642A321798004CCCA8 /* MoodleHome.swift in Sources */ = {isa = PBXBuildFile; fileRef = E772E5632A321798004CCCA8 /* MoodleHome.swift */; };
		E772E5662A321815004CCCA8 /* CourseCard.swift in Sources */ = {isa = PBXBuildFile; fileRef = E772E5652A321815004CCCA8 /* CourseCard.swift */; };
		E772E5682A3224A6004CCCA8 /* CourseView.swift in Sources */ = {isa = PBXBuildFile; fileRef = E772E5672A3224A6004CCCA8 /* CourseView.swift */; };
		E772E56A2A323A54004CCCA8 /* SectionTabView.swift in Sources */ = {isa = PBXBuildFile; fileRef = E772E5692A323A54004CCCA8 /* SectionTabView.swift */; };
		E778647C2A2B5D4300280EBF /* MoodleManager.swift in Sources */ = {isa = PBXBuildFile; fileRef = E778647B2A2B5D4300280EBF /* MoodleManager.swift */; };
		E778647E2A2B5F4200280EBF /* NTUSTSystemManager.swift in Sources */ = {isa = PBXBuildFile; fileRef = E778647D2A2B5F4200280EBF /* NTUSTSystemManager.swift */; };
		E78A810A2A271B9E005497F1 /* LoginView.swift in Sources */ = {isa = PBXBuildFile; fileRef = E78A81092A271B9E005497F1 /* LoginView.swift */; };
		E78A810C2A27230B005497F1 /* HomeView.swift in Sources */ = {isa = PBXBuildFile; fileRef = E78A810B2A27230B005497F1 /* HomeView.swift */; };
		E78F28872A33486200E32171 /* YoubikeView.swift in Sources */ = {isa = PBXBuildFile; fileRef = E78F28862A33486200E32171 /* YoubikeView.swift */; };
		E7C443192A2737FC00E9040F /* Card.swift in Sources */ = {isa = PBXBuildFile; fileRef = E7C443182A2737FC00E9040F /* Card.swift */; };
		E7FE29052A2A598A0057A1A1 /* NavigationBar.swift in Sources */ = {isa = PBXBuildFile; fileRef = E7FE29042A2A598A0057A1A1 /* NavigationBar.swift */; };
		E7FE290A2A2A640D0057A1A1 /* SettingView.swift in Sources */ = {isa = PBXBuildFile; fileRef = E7FE29092A2A640D0057A1A1 /* SettingView.swift */; };
/* End PBXBuildFile section */

/* Begin PBXContainerItemProxy section */
		D8CB13AF2A0D2E9E00BFB673 /* PBXContainerItemProxy */ = {
			isa = PBXContainerItemProxy;
			containerPortal = D8CB13912A0D2E9B00BFB673 /* Project object */;
			proxyType = 1;
			remoteGlobalIDString = D8CB13982A0D2E9B00BFB673;
			remoteInfo = NTUST_APP;
		};
		D8CB13B92A0D2E9E00BFB673 /* PBXContainerItemProxy */ = {
			isa = PBXContainerItemProxy;
			containerPortal = D8CB13912A0D2E9B00BFB673 /* Project object */;
			proxyType = 1;
			remoteGlobalIDString = D8CB13982A0D2E9B00BFB673;
			remoteInfo = NTUST_APP;
		};
/* End PBXContainerItemProxy section */

/* Begin PBXFileReference section */
		BFB803B52A334C3C0011F454 /* YouBikeManager.swift */ = {isa = PBXFileReference; lastKnownFileType = sourcecode.swift; path = YouBikeManager.swift; sourceTree = "<group>"; };
		D8CB13992A0D2E9B00BFB673 /* NTUST_APP.app */ = {isa = PBXFileReference; explicitFileType = wrapper.application; includeInIndex = 0; path = NTUST_APP.app; sourceTree = BUILT_PRODUCTS_DIR; };
		D8CB139C2A0D2E9B00BFB673 /* NTUST_APP.swift */ = {isa = PBXFileReference; lastKnownFileType = sourcecode.swift; path = NTUST_APP.swift; sourceTree = "<group>"; };
		D8CB139E2A0D2E9B00BFB673 /* ContentView.swift */ = {isa = PBXFileReference; lastKnownFileType = sourcecode.swift; path = ContentView.swift; sourceTree = "<group>"; };
		D8CB13A02A0D2E9E00BFB673 /* Assets.xcassets */ = {isa = PBXFileReference; lastKnownFileType = folder.assetcatalog; path = Assets.xcassets; sourceTree = "<group>"; };
		D8CB13A32A0D2E9E00BFB673 /* Preview Assets.xcassets */ = {isa = PBXFileReference; lastKnownFileType = folder.assetcatalog; path = "Preview Assets.xcassets"; sourceTree = "<group>"; };
		D8CB13A52A0D2E9E00BFB673 /* Persistence.swift */ = {isa = PBXFileReference; lastKnownFileType = sourcecode.swift; path = Persistence.swift; sourceTree = "<group>"; };
		D8CB13A82A0D2E9E00BFB673 /* NTUST_APP.xcdatamodel */ = {isa = PBXFileReference; lastKnownFileType = wrapper.xcdatamodel; path = NTUST_APP.xcdatamodel; sourceTree = "<group>"; };
		D8CB13AE2A0D2E9E00BFB673 /* NTUST_APPTests.xctest */ = {isa = PBXFileReference; explicitFileType = wrapper.cfbundle; includeInIndex = 0; path = NTUST_APPTests.xctest; sourceTree = BUILT_PRODUCTS_DIR; };
		D8CB13B82A0D2E9E00BFB673 /* NTUST_APPUITests.xctest */ = {isa = PBXFileReference; explicitFileType = wrapper.cfbundle; includeInIndex = 0; path = NTUST_APPUITests.xctest; sourceTree = BUILT_PRODUCTS_DIR; };
		E712FBE32A27C0F8005282AE /* SchoolTimeTable.swift */ = {isa = PBXFileReference; lastKnownFileType = sourcecode.swift; path = SchoolTimeTable.swift; sourceTree = "<group>"; };
		E712FBE52A27C37F005282AE /* TimeTableUnit.swift */ = {isa = PBXFileReference; lastKnownFileType = sourcecode.swift; path = TimeTableUnit.swift; sourceTree = "<group>"; };
		E712FBEE2A28689C005282AE /* LoginManager.swift */ = {isa = PBXFileReference; lastKnownFileType = sourcecode.swift; path = LoginManager.swift; sourceTree = "<group>"; };
		E772E5602A3215ED004CCCA8 /* AccountView.swift */ = {isa = PBXFileReference; lastKnownFileType = sourcecode.swift; path = AccountView.swift; sourceTree = "<group>"; };
		E772E5632A321798004CCCA8 /* MoodleHome.swift */ = {isa = PBXFileReference; lastKnownFileType = sourcecode.swift; path = MoodleHome.swift; sourceTree = "<group>"; };
		E772E5652A321815004CCCA8 /* CourseCard.swift */ = {isa = PBXFileReference; lastKnownFileType = sourcecode.swift; path = CourseCard.swift; sourceTree = "<group>"; };
		E772E5672A3224A6004CCCA8 /* CourseView.swift */ = {isa = PBXFileReference; lastKnownFileType = sourcecode.swift; path = CourseView.swift; sourceTree = "<group>"; };
		E772E5692A323A54004CCCA8 /* SectionTabView.swift */ = {isa = PBXFileReference; lastKnownFileType = sourcecode.swift; path = SectionTabView.swift; sourceTree = "<group>"; };
		E778647B2A2B5D4300280EBF /* MoodleManager.swift */ = {isa = PBXFileReference; lastKnownFileType = sourcecode.swift; path = MoodleManager.swift; sourceTree = "<group>"; };
		E778647D2A2B5F4200280EBF /* NTUSTSystemManager.swift */ = {isa = PBXFileReference; lastKnownFileType = sourcecode.swift; path = NTUSTSystemManager.swift; sourceTree = "<group>"; };
		E78A81092A271B9E005497F1 /* LoginView.swift */ = {isa = PBXFileReference; lastKnownFileType = sourcecode.swift; path = LoginView.swift; sourceTree = "<group>"; };
		E78A810B2A27230B005497F1 /* HomeView.swift */ = {isa = PBXFileReference; lastKnownFileType = sourcecode.swift; path = HomeView.swift; sourceTree = "<group>"; };
		E78F28862A33486200E32171 /* YoubikeView.swift */ = {isa = PBXFileReference; lastKnownFileType = sourcecode.swift; path = YoubikeView.swift; sourceTree = "<group>"; };
		E7C443182A2737FC00E9040F /* Card.swift */ = {isa = PBXFileReference; lastKnownFileType = sourcecode.swift; path = Card.swift; sourceTree = "<group>"; };
		E7FE29042A2A598A0057A1A1 /* NavigationBar.swift */ = {isa = PBXFileReference; lastKnownFileType = sourcecode.swift; path = NavigationBar.swift; sourceTree = "<group>"; };
		E7FE29092A2A640D0057A1A1 /* SettingView.swift */ = {isa = PBXFileReference; lastKnownFileType = sourcecode.swift; path = SettingView.swift; sourceTree = "<group>"; };
/* End PBXFileReference section */

/* Begin PBXFrameworksBuildPhase section */
		D8CB13962A0D2E9B00BFB673 /* Frameworks */ = {
			isa = PBXFrameworksBuildPhase;
			buildActionMask = 2147483647;
			files = (
			);
			runOnlyForDeploymentPostprocessing = 0;
		};
		D8CB13AB2A0D2E9E00BFB673 /* Frameworks */ = {
			isa = PBXFrameworksBuildPhase;
			buildActionMask = 2147483647;
			files = (
			);
			runOnlyForDeploymentPostprocessing = 0;
		};
		D8CB13B52A0D2E9E00BFB673 /* Frameworks */ = {
			isa = PBXFrameworksBuildPhase;
			buildActionMask = 2147483647;
			files = (
			);
			runOnlyForDeploymentPostprocessing = 0;
		};
/* End PBXFrameworksBuildPhase section */

/* Begin PBXGroup section */
		D8CB13902A0D2E9B00BFB673 = {
			isa = PBXGroup;
			children = (
				D8CB139B2A0D2E9B00BFB673 /* NTUST_APP */,
				D8CB139A2A0D2E9B00BFB673 /* Products */,
			);
			sourceTree = "<group>";
		};
		D8CB139A2A0D2E9B00BFB673 /* Products */ = {
			isa = PBXGroup;
			children = (
				D8CB13992A0D2E9B00BFB673 /* NTUST_APP.app */,
				D8CB13AE2A0D2E9E00BFB673 /* NTUST_APPTests.xctest */,
				D8CB13B82A0D2E9E00BFB673 /* NTUST_APPUITests.xctest */,
			);
			name = Products;
			sourceTree = "<group>";
		};
		D8CB139B2A0D2E9B00BFB673 /* NTUST_APP */ = {
			isa = PBXGroup;
			children = (
				E778647A2A2B5D2200280EBF /* Managers */,
				E78A81082A271B24005497F1 /* Views */,
				D8CB139C2A0D2E9B00BFB673 /* NTUST_APP.swift */,
				D8CB139E2A0D2E9B00BFB673 /* ContentView.swift */,
				D8CB13A02A0D2E9E00BFB673 /* Assets.xcassets */,
				D8CB13A52A0D2E9E00BFB673 /* Persistence.swift */,
				D8CB13A72A0D2E9E00BFB673 /* NTUST_APP.xcdatamodeld */,
				D8CB13A22A0D2E9E00BFB673 /* Preview Content */,
			);
			path = NTUST_APP;
			sourceTree = "<group>";
		};
		D8CB13A22A0D2E9E00BFB673 /* Preview Content */ = {
			isa = PBXGroup;
			children = (
				D8CB13A32A0D2E9E00BFB673 /* Preview Assets.xcassets */,
			);
			path = "Preview Content";
			sourceTree = "<group>";
		};
		E712FBE22A27C0AB005282AE /* Calendar */ = {
			isa = PBXGroup;
			children = (
				E712FBE32A27C0F8005282AE /* SchoolTimeTable.swift */,
				E712FBE52A27C37F005282AE /* TimeTableUnit.swift */,
			);
			path = Calendar;
			sourceTree = "<group>";
		};
		E712FBEC2A286811005282AE /* Login */ = {
			isa = PBXGroup;
			children = (
				E78A81092A271B9E005497F1 /* LoginView.swift */,
				E712FBEE2A28689C005282AE /* LoginManager.swift */,
			);
			path = Login;
			sourceTree = "<group>";
		};
		E772E5622A321782004CCCA8 /* Moodle */ = {
			isa = PBXGroup;
			children = (
				E772E5632A321798004CCCA8 /* MoodleHome.swift */,
				E772E5652A321815004CCCA8 /* CourseCard.swift */,
				E772E5672A3224A6004CCCA8 /* CourseView.swift */,
				E772E5692A323A54004CCCA8 /* SectionTabView.swift */,
			);
			path = Moodle;
			sourceTree = "<group>";
		};
		E778647A2A2B5D2200280EBF /* Managers */ = {
			isa = PBXGroup;
			children = (
				E778647B2A2B5D4300280EBF /* MoodleManager.swift */,
				E778647D2A2B5F4200280EBF /* NTUSTSystemManager.swift */,
				BFB803B52A334C3C0011F454 /* YouBikeManager.swift */,
			);
			path = Managers;
			sourceTree = "<group>";
		};
		E78A81082A271B24005497F1 /* Views */ = {
			isa = PBXGroup;
			children = (
				E78F28852A33484900E32171 /* Youbike */,
				E772E5622A321782004CCCA8 /* Moodle */,
				E7FE290B2A2A642C0057A1A1 /* HomeView */,
				E7FE29082A2A64000057A1A1 /* Setting */,
				E7FE29032A2A59730057A1A1 /* Utils */,
				E712FBEC2A286811005282AE /* Login */,
				E712FBE22A27C0AB005282AE /* Calendar */,
			);
			path = Views;
			sourceTree = "<group>";
		};
		E78F28852A33484900E32171 /* Youbike */ = {
			isa = PBXGroup;
			children = (
				E78F28862A33486200E32171 /* YoubikeView.swift */,
			);
			path = Youbike;
			sourceTree = "<group>";
		};
		E7FE29032A2A59730057A1A1 /* Utils */ = {
			isa = PBXGroup;
			children = (
				E7FE29042A2A598A0057A1A1 /* NavigationBar.swift */,
			);
			path = Utils;
			sourceTree = "<group>";
		};
		E7FE29082A2A64000057A1A1 /* Setting */ = {
			isa = PBXGroup;
			children = (
				E7FE29092A2A640D0057A1A1 /* SettingView.swift */,
				E772E5602A3215ED004CCCA8 /* AccountView.swift */,
			);
			path = Setting;
			sourceTree = "<group>";
		};
		E7FE290B2A2A642C0057A1A1 /* HomeView */ = {
			isa = PBXGroup;
			children = (
				E78A810B2A27230B005497F1 /* HomeView.swift */,
				E7C443182A2737FC00E9040F /* Card.swift */,
			);
			path = HomeView;
			sourceTree = "<group>";
		};
/* End PBXGroup section */

/* Begin PBXNativeTarget section */
		D8CB13982A0D2E9B00BFB673 /* NTUST_APP */ = {
			isa = PBXNativeTarget;
			buildConfigurationList = D8CB13C22A0D2E9E00BFB673 /* Build configuration list for PBXNativeTarget "NTUST_APP" */;
			buildPhases = (
				D8CB13952A0D2E9B00BFB673 /* Sources */,
				D8CB13962A0D2E9B00BFB673 /* Frameworks */,
				D8CB13972A0D2E9B00BFB673 /* Resources */,
			);
			buildRules = (
			);
			dependencies = (
			);
			name = NTUST_APP;
			productName = NTUST_APP;
			productReference = D8CB13992A0D2E9B00BFB673 /* NTUST_APP.app */;
			productType = "com.apple.product-type.application";
		};
		D8CB13AD2A0D2E9E00BFB673 /* NTUST_APPTests */ = {
			isa = PBXNativeTarget;
			buildConfigurationList = D8CB13C52A0D2E9E00BFB673 /* Build configuration list for PBXNativeTarget "NTUST_APPTests" */;
			buildPhases = (
				D8CB13AA2A0D2E9E00BFB673 /* Sources */,
				D8CB13AB2A0D2E9E00BFB673 /* Frameworks */,
				D8CB13AC2A0D2E9E00BFB673 /* Resources */,
			);
			buildRules = (
			);
			dependencies = (
				D8CB13B02A0D2E9E00BFB673 /* PBXTargetDependency */,
			);
			name = NTUST_APPTests;
			productName = NTUST_APPTests;
			productReference = D8CB13AE2A0D2E9E00BFB673 /* NTUST_APPTests.xctest */;
			productType = "com.apple.product-type.bundle.unit-test";
		};
		D8CB13B72A0D2E9E00BFB673 /* NTUST_APPUITests */ = {
			isa = PBXNativeTarget;
			buildConfigurationList = D8CB13C82A0D2E9E00BFB673 /* Build configuration list for PBXNativeTarget "NTUST_APPUITests" */;
			buildPhases = (
				D8CB13B42A0D2E9E00BFB673 /* Sources */,
				D8CB13B52A0D2E9E00BFB673 /* Frameworks */,
				D8CB13B62A0D2E9E00BFB673 /* Resources */,
			);
			buildRules = (
			);
			dependencies = (
				D8CB13BA2A0D2E9E00BFB673 /* PBXTargetDependency */,
			);
			name = NTUST_APPUITests;
			productName = NTUST_APPUITests;
			productReference = D8CB13B82A0D2E9E00BFB673 /* NTUST_APPUITests.xctest */;
			productType = "com.apple.product-type.bundle.ui-testing";
		};
/* End PBXNativeTarget section */

/* Begin PBXProject section */
		D8CB13912A0D2E9B00BFB673 /* Project object */ = {
			isa = PBXProject;
			attributes = {
				BuildIndependentTargetsInParallel = 1;
				LastSwiftUpdateCheck = 1430;
				LastUpgradeCheck = 1430;
				TargetAttributes = {
					D8CB13982A0D2E9B00BFB673 = {
						CreatedOnToolsVersion = 14.3;
					};
					D8CB13AD2A0D2E9E00BFB673 = {
						CreatedOnToolsVersion = 14.3;
						TestTargetID = D8CB13982A0D2E9B00BFB673;
					};
					D8CB13B72A0D2E9E00BFB673 = {
						CreatedOnToolsVersion = 14.3;
						TestTargetID = D8CB13982A0D2E9B00BFB673;
					};
				};
			};
			buildConfigurationList = D8CB13942A0D2E9B00BFB673 /* Build configuration list for PBXProject "NTUST_APP" */;
			compatibilityVersion = "Xcode 14.0";
			developmentRegion = en;
			hasScannedForEncodings = 0;
			knownRegions = (
				en,
				Base,
			);
			mainGroup = D8CB13902A0D2E9B00BFB673;
			productRefGroup = D8CB139A2A0D2E9B00BFB673 /* Products */;
			projectDirPath = "";
			projectRoot = "";
			targets = (
				D8CB13982A0D2E9B00BFB673 /* NTUST_APP */,
				D8CB13AD2A0D2E9E00BFB673 /* NTUST_APPTests */,
				D8CB13B72A0D2E9E00BFB673 /* NTUST_APPUITests */,
			);
		};
/* End PBXProject section */

/* Begin PBXResourcesBuildPhase section */
		D8CB13972A0D2E9B00BFB673 /* Resources */ = {
			isa = PBXResourcesBuildPhase;
			buildActionMask = 2147483647;
			files = (
				D8CB13A42A0D2E9E00BFB673 /* Preview Assets.xcassets in Resources */,
				D8CB13A12A0D2E9E00BFB673 /* Assets.xcassets in Resources */,
			);
			runOnlyForDeploymentPostprocessing = 0;
		};
		D8CB13AC2A0D2E9E00BFB673 /* Resources */ = {
			isa = PBXResourcesBuildPhase;
			buildActionMask = 2147483647;
			files = (
			);
			runOnlyForDeploymentPostprocessing = 0;
		};
		D8CB13B62A0D2E9E00BFB673 /* Resources */ = {
			isa = PBXResourcesBuildPhase;
			buildActionMask = 2147483647;
			files = (
			);
			runOnlyForDeploymentPostprocessing = 0;
		};
/* End PBXResourcesBuildPhase section */

/* Begin PBXSourcesBuildPhase section */
		D8CB13952A0D2E9B00BFB673 /* Sources */ = {
			isa = PBXSourcesBuildPhase;
			buildActionMask = 2147483647;
			files = (
				E778647C2A2B5D4300280EBF /* MoodleManager.swift in Sources */,
				E78F28872A33486200E32171 /* YoubikeView.swift in Sources */,
				E778647E2A2B5F4200280EBF /* NTUSTSystemManager.swift in Sources */,
				E712FBE62A27C37F005282AE /* TimeTableUnit.swift in Sources */,
				E772E5662A321815004CCCA8 /* CourseCard.swift in Sources */,
				E772E5612A3215ED004CCCA8 /* AccountView.swift in Sources */,
				D8CB13A92A0D2E9E00BFB673 /* NTUST_APP.xcdatamodeld in Sources */,
				E78A810C2A27230B005497F1 /* HomeView.swift in Sources */,
				E7C443192A2737FC00E9040F /* Card.swift in Sources */,
				D8CB13A62A0D2E9E00BFB673 /* Persistence.swift in Sources */,
				E7FE29052A2A598A0057A1A1 /* NavigationBar.swift in Sources */,
				E712FBEF2A28689C005282AE /* LoginManager.swift in Sources */,
				E772E56A2A323A54004CCCA8 /* SectionTabView.swift in Sources */,
				E7FE290A2A2A640D0057A1A1 /* SettingView.swift in Sources */,
				E772E5682A3224A6004CCCA8 /* CourseView.swift in Sources */,
				D8CB139F2A0D2E9B00BFB673 /* ContentView.swift in Sources */,
				E78A810A2A271B9E005497F1 /* LoginView.swift in Sources */,
				BFB803B62A334C3C0011F454 /* YouBikeManager.swift in Sources */,
				D8CB139D2A0D2E9B00BFB673 /* NTUST_APP.swift in Sources */,
				E712FBE42A27C0F8005282AE /* SchoolTimeTable.swift in Sources */,
				E772E5642A321798004CCCA8 /* MoodleHome.swift in Sources */,
			);
			runOnlyForDeploymentPostprocessing = 0;
		};
		D8CB13AA2A0D2E9E00BFB673 /* Sources */ = {
			isa = PBXSourcesBuildPhase;
			buildActionMask = 2147483647;
			files = (
			);
			runOnlyForDeploymentPostprocessing = 0;
		};
		D8CB13B42A0D2E9E00BFB673 /* Sources */ = {
			isa = PBXSourcesBuildPhase;
			buildActionMask = 2147483647;
			files = (
			);
			runOnlyForDeploymentPostprocessing = 0;
		};
/* End PBXSourcesBuildPhase section */

/* Begin PBXTargetDependency section */
		D8CB13B02A0D2E9E00BFB673 /* PBXTargetDependency */ = {
			isa = PBXTargetDependency;
			target = D8CB13982A0D2E9B00BFB673 /* NTUST_APP */;
			targetProxy = D8CB13AF2A0D2E9E00BFB673 /* PBXContainerItemProxy */;
		};
		D8CB13BA2A0D2E9E00BFB673 /* PBXTargetDependency */ = {
			isa = PBXTargetDependency;
			target = D8CB13982A0D2E9B00BFB673 /* NTUST_APP */;
			targetProxy = D8CB13B92A0D2E9E00BFB673 /* PBXContainerItemProxy */;
		};
/* End PBXTargetDependency section */

/* Begin XCBuildConfiguration section */
		D8CB13C02A0D2E9E00BFB673 /* Debug */ = {
			isa = XCBuildConfiguration;
			buildSettings = {
				ALWAYS_SEARCH_USER_PATHS = NO;
				CLANG_ANALYZER_NONNULL = YES;
				CLANG_ANALYZER_NUMBER_OBJECT_CONVERSION = YES_AGGRESSIVE;
				CLANG_CXX_LANGUAGE_STANDARD = "gnu++20";
				CLANG_ENABLE_MODULES = YES;
				CLANG_ENABLE_OBJC_ARC = YES;
				CLANG_ENABLE_OBJC_WEAK = YES;
				CLANG_WARN_BLOCK_CAPTURE_AUTORELEASING = YES;
				CLANG_WARN_BOOL_CONVERSION = YES;
				CLANG_WARN_COMMA = YES;
				CLANG_WARN_CONSTANT_CONVERSION = YES;
				CLANG_WARN_DEPRECATED_OBJC_IMPLEMENTATIONS = YES;
				CLANG_WARN_DIRECT_OBJC_ISA_USAGE = YES_ERROR;
				CLANG_WARN_DOCUMENTATION_COMMENTS = YES;
				CLANG_WARN_EMPTY_BODY = YES;
				CLANG_WARN_ENUM_CONVERSION = YES;
				CLANG_WARN_INFINITE_RECURSION = YES;
				CLANG_WARN_INT_CONVERSION = YES;
				CLANG_WARN_NON_LITERAL_NULL_CONVERSION = YES;
				CLANG_WARN_OBJC_IMPLICIT_RETAIN_SELF = YES;
				CLANG_WARN_OBJC_LITERAL_CONVERSION = YES;
				CLANG_WARN_OBJC_ROOT_CLASS = YES_ERROR;
				CLANG_WARN_QUOTED_INCLUDE_IN_FRAMEWORK_HEADER = YES;
				CLANG_WARN_RANGE_LOOP_ANALYSIS = YES;
				CLANG_WARN_STRICT_PROTOTYPES = YES;
				CLANG_WARN_SUSPICIOUS_MOVE = YES;
				CLANG_WARN_UNGUARDED_AVAILABILITY = YES_AGGRESSIVE;
				CLANG_WARN_UNREACHABLE_CODE = YES;
				CLANG_WARN__DUPLICATE_METHOD_MATCH = YES;
				COPY_PHASE_STRIP = NO;
				DEBUG_INFORMATION_FORMAT = dwarf;
				ENABLE_STRICT_OBJC_MSGSEND = YES;
				ENABLE_TESTABILITY = YES;
				GCC_C_LANGUAGE_STANDARD = gnu11;
				GCC_DYNAMIC_NO_PIC = NO;
				GCC_NO_COMMON_BLOCKS = YES;
				GCC_OPTIMIZATION_LEVEL = 0;
				GCC_PREPROCESSOR_DEFINITIONS = (
					"DEBUG=1",
					"$(inherited)",
				);
				GCC_WARN_64_TO_32_BIT_CONVERSION = YES;
				GCC_WARN_ABOUT_RETURN_TYPE = YES_ERROR;
				GCC_WARN_UNDECLARED_SELECTOR = YES;
				GCC_WARN_UNINITIALIZED_AUTOS = YES_AGGRESSIVE;
				GCC_WARN_UNUSED_FUNCTION = YES;
				GCC_WARN_UNUSED_VARIABLE = YES;
				IPHONEOS_DEPLOYMENT_TARGET = 16.4;
				MTL_ENABLE_DEBUG_INFO = INCLUDE_SOURCE;
				MTL_FAST_MATH = YES;
				ONLY_ACTIVE_ARCH = YES;
				SDKROOT = iphoneos;
				SWIFT_ACTIVE_COMPILATION_CONDITIONS = DEBUG;
				SWIFT_OPTIMIZATION_LEVEL = "-Onone";
			};
			name = Debug;
		};
		D8CB13C12A0D2E9E00BFB673 /* Release */ = {
			isa = XCBuildConfiguration;
			buildSettings = {
				ALWAYS_SEARCH_USER_PATHS = NO;
				CLANG_ANALYZER_NONNULL = YES;
				CLANG_ANALYZER_NUMBER_OBJECT_CONVERSION = YES_AGGRESSIVE;
				CLANG_CXX_LANGUAGE_STANDARD = "gnu++20";
				CLANG_ENABLE_MODULES = YES;
				CLANG_ENABLE_OBJC_ARC = YES;
				CLANG_ENABLE_OBJC_WEAK = YES;
				CLANG_WARN_BLOCK_CAPTURE_AUTORELEASING = YES;
				CLANG_WARN_BOOL_CONVERSION = YES;
				CLANG_WARN_COMMA = YES;
				CLANG_WARN_CONSTANT_CONVERSION = YES;
				CLANG_WARN_DEPRECATED_OBJC_IMPLEMENTATIONS = YES;
				CLANG_WARN_DIRECT_OBJC_ISA_USAGE = YES_ERROR;
				CLANG_WARN_DOCUMENTATION_COMMENTS = YES;
				CLANG_WARN_EMPTY_BODY = YES;
				CLANG_WARN_ENUM_CONVERSION = YES;
				CLANG_WARN_INFINITE_RECURSION = YES;
				CLANG_WARN_INT_CONVERSION = YES;
				CLANG_WARN_NON_LITERAL_NULL_CONVERSION = YES;
				CLANG_WARN_OBJC_IMPLICIT_RETAIN_SELF = YES;
				CLANG_WARN_OBJC_LITERAL_CONVERSION = YES;
				CLANG_WARN_OBJC_ROOT_CLASS = YES_ERROR;
				CLANG_WARN_QUOTED_INCLUDE_IN_FRAMEWORK_HEADER = YES;
				CLANG_WARN_RANGE_LOOP_ANALYSIS = YES;
				CLANG_WARN_STRICT_PROTOTYPES = YES;
				CLANG_WARN_SUSPICIOUS_MOVE = YES;
				CLANG_WARN_UNGUARDED_AVAILABILITY = YES_AGGRESSIVE;
				CLANG_WARN_UNREACHABLE_CODE = YES;
				CLANG_WARN__DUPLICATE_METHOD_MATCH = YES;
				COPY_PHASE_STRIP = NO;
				DEBUG_INFORMATION_FORMAT = "dwarf-with-dsym";
				ENABLE_NS_ASSERTIONS = NO;
				ENABLE_STRICT_OBJC_MSGSEND = YES;
				GCC_C_LANGUAGE_STANDARD = gnu11;
				GCC_NO_COMMON_BLOCKS = YES;
				GCC_WARN_64_TO_32_BIT_CONVERSION = YES;
				GCC_WARN_ABOUT_RETURN_TYPE = YES_ERROR;
				GCC_WARN_UNDECLARED_SELECTOR = YES;
				GCC_WARN_UNINITIALIZED_AUTOS = YES_AGGRESSIVE;
				GCC_WARN_UNUSED_FUNCTION = YES;
				GCC_WARN_UNUSED_VARIABLE = YES;
				IPHONEOS_DEPLOYMENT_TARGET = 16.4;
				MTL_ENABLE_DEBUG_INFO = NO;
				MTL_FAST_MATH = YES;
				SDKROOT = iphoneos;
				SWIFT_COMPILATION_MODE = wholemodule;
				SWIFT_OPTIMIZATION_LEVEL = "-O";
				VALIDATE_PRODUCT = YES;
			};
			name = Release;
		};
		D8CB13C32A0D2E9E00BFB673 /* Debug */ = {
			isa = XCBuildConfiguration;
			buildSettings = {
				ASSETCATALOG_COMPILER_APPICON_NAME = AppIcon;
				ASSETCATALOG_COMPILER_GLOBAL_ACCENT_COLOR_NAME = AccentColor;
				CODE_SIGN_STYLE = Automatic;
				CURRENT_PROJECT_VERSION = 1;
				DEVELOPMENT_ASSET_PATHS = "\"NTUST_APP/Preview Content\"";
				DEVELOPMENT_TEAM = 554SRAW4M3;
				ENABLE_PREVIEWS = YES;
				GENERATE_INFOPLIST_FILE = YES;
				INFOPLIST_KEY_UIApplicationSceneManifest_Generation = YES;
				INFOPLIST_KEY_UIApplicationSupportsIndirectInputEvents = YES;
				INFOPLIST_KEY_UILaunchScreen_Generation = YES;
				INFOPLIST_KEY_UISupportedInterfaceOrientations_iPad = "UIInterfaceOrientationPortrait UIInterfaceOrientationPortraitUpsideDown UIInterfaceOrientationLandscapeLeft UIInterfaceOrientationLandscapeRight";
				INFOPLIST_KEY_UISupportedInterfaceOrientations_iPhone = "UIInterfaceOrientationPortrait UIInterfaceOrientationLandscapeLeft UIInterfaceOrientationLandscapeRight";
				IPHONEOS_DEPLOYMENT_TARGET = 16.0;
				LD_RUNPATH_SEARCH_PATHS = (
					"$(inherited)",
					"@executable_path/Frameworks",
				);
				MARKETING_VERSION = 1.0;
				PRODUCT_BUNDLE_IDENTIFIER = "Main.NTUST-APP";
				PRODUCT_NAME = "$(TARGET_NAME)";
				SWIFT_EMIT_LOC_STRINGS = YES;
				SWIFT_VERSION = 5.0;
				TARGETED_DEVICE_FAMILY = "1,2";
			};
			name = Debug;
		};
		D8CB13C42A0D2E9E00BFB673 /* Release */ = {
			isa = XCBuildConfiguration;
			buildSettings = {
				ASSETCATALOG_COMPILER_APPICON_NAME = AppIcon;
				ASSETCATALOG_COMPILER_GLOBAL_ACCENT_COLOR_NAME = AccentColor;
				CODE_SIGN_STYLE = Automatic;
				CURRENT_PROJECT_VERSION = 1;
				DEVELOPMENT_ASSET_PATHS = "\"NTUST_APP/Preview Content\"";
				DEVELOPMENT_TEAM = 554SRAW4M3;
				ENABLE_PREVIEWS = YES;
				GENERATE_INFOPLIST_FILE = YES;
				INFOPLIST_KEY_UIApplicationSceneManifest_Generation = YES;
				INFOPLIST_KEY_UIApplicationSupportsIndirectInputEvents = YES;
				INFOPLIST_KEY_UILaunchScreen_Generation = YES;
				INFOPLIST_KEY_UISupportedInterfaceOrientations_iPad = "UIInterfaceOrientationPortrait UIInterfaceOrientationPortraitUpsideDown UIInterfaceOrientationLandscapeLeft UIInterfaceOrientationLandscapeRight";
				INFOPLIST_KEY_UISupportedInterfaceOrientations_iPhone = "UIInterfaceOrientationPortrait UIInterfaceOrientationLandscapeLeft UIInterfaceOrientationLandscapeRight";
				IPHONEOS_DEPLOYMENT_TARGET = 16.0;
				LD_RUNPATH_SEARCH_PATHS = (
					"$(inherited)",
					"@executable_path/Frameworks",
				);
				MARKETING_VERSION = 1.0;
				PRODUCT_BUNDLE_IDENTIFIER = "Main.NTUST-APP";
				PRODUCT_NAME = "$(TARGET_NAME)";
				SWIFT_EMIT_LOC_STRINGS = YES;
				SWIFT_VERSION = 5.0;
				TARGETED_DEVICE_FAMILY = "1,2";
			};
			name = Release;
		};
		D8CB13C62A0D2E9E00BFB673 /* Debug */ = {
			isa = XCBuildConfiguration;
			buildSettings = {
				ALWAYS_EMBED_SWIFT_STANDARD_LIBRARIES = YES;
				BUNDLE_LOADER = "$(TEST_HOST)";
				CODE_SIGN_STYLE = Automatic;
				CURRENT_PROJECT_VERSION = 1;
				DEVELOPMENT_TEAM = 763ZK52CNF;
				GENERATE_INFOPLIST_FILE = YES;
				IPHONEOS_DEPLOYMENT_TARGET = 16.4;
				MARKETING_VERSION = 1.0;
				PRODUCT_BUNDLE_IDENTIFIER = "Main.NTUST-APPTests";
				PRODUCT_NAME = "$(TARGET_NAME)";
				SWIFT_EMIT_LOC_STRINGS = NO;
				SWIFT_VERSION = 5.0;
				TARGETED_DEVICE_FAMILY = "1,2";
				TEST_HOST = "$(BUILT_PRODUCTS_DIR)/NTUST_APP.app/$(BUNDLE_EXECUTABLE_FOLDER_PATH)/NTUST_APP";
			};
			name = Debug;
		};
		D8CB13C72A0D2E9E00BFB673 /* Release */ = {
			isa = XCBuildConfiguration;
			buildSettings = {
				ALWAYS_EMBED_SWIFT_STANDARD_LIBRARIES = YES;
				BUNDLE_LOADER = "$(TEST_HOST)";
				CODE_SIGN_STYLE = Automatic;
				CURRENT_PROJECT_VERSION = 1;
				DEVELOPMENT_TEAM = 763ZK52CNF;
				GENERATE_INFOPLIST_FILE = YES;
				IPHONEOS_DEPLOYMENT_TARGET = 16.4;
				MARKETING_VERSION = 1.0;
				PRODUCT_BUNDLE_IDENTIFIER = "Main.NTUST-APPTests";
				PRODUCT_NAME = "$(TARGET_NAME)";
				SWIFT_EMIT_LOC_STRINGS = NO;
				SWIFT_VERSION = 5.0;
				TARGETED_DEVICE_FAMILY = "1,2";
				TEST_HOST = "$(BUILT_PRODUCTS_DIR)/NTUST_APP.app/$(BUNDLE_EXECUTABLE_FOLDER_PATH)/NTUST_APP";
			};
			name = Release;
		};
		D8CB13C92A0D2E9E00BFB673 /* Debug */ = {
			isa = XCBuildConfiguration;
			buildSettings = {
				ALWAYS_EMBED_SWIFT_STANDARD_LIBRARIES = YES;
				CODE_SIGN_STYLE = Automatic;
				CURRENT_PROJECT_VERSION = 1;
				DEVELOPMENT_TEAM = 763ZK52CNF;
				GENERATE_INFOPLIST_FILE = YES;
				MARKETING_VERSION = 1.0;
				PRODUCT_BUNDLE_IDENTIFIER = "Main.NTUST-APPUITests";
				PRODUCT_NAME = "$(TARGET_NAME)";
				SWIFT_EMIT_LOC_STRINGS = NO;
				SWIFT_VERSION = 5.0;
				TARGETED_DEVICE_FAMILY = "1,2";
				TEST_TARGET_NAME = NTUST_APP;
			};
			name = Debug;
		};
		D8CB13CA2A0D2E9E00BFB673 /* Release */ = {
			isa = XCBuildConfiguration;
			buildSettings = {
				ALWAYS_EMBED_SWIFT_STANDARD_LIBRARIES = YES;
				CODE_SIGN_STYLE = Automatic;
				CURRENT_PROJECT_VERSION = 1;
				DEVELOPMENT_TEAM = 763ZK52CNF;
				GENERATE_INFOPLIST_FILE = YES;
				MARKETING_VERSION = 1.0;
				PRODUCT_BUNDLE_IDENTIFIER = "Main.NTUST-APPUITests";
				PRODUCT_NAME = "$(TARGET_NAME)";
				SWIFT_EMIT_LOC_STRINGS = NO;
				SWIFT_VERSION = 5.0;
				TARGETED_DEVICE_FAMILY = "1,2";
				TEST_TARGET_NAME = NTUST_APP;
			};
			name = Release;
		};
/* End XCBuildConfiguration section */

/* Begin XCConfigurationList section */
		D8CB13942A0D2E9B00BFB673 /* Build configuration list for PBXProject "NTUST_APP" */ = {
			isa = XCConfigurationList;
			buildConfigurations = (
				D8CB13C02A0D2E9E00BFB673 /* Debug */,
				D8CB13C12A0D2E9E00BFB673 /* Release */,
			);
			defaultConfigurationIsVisible = 0;
			defaultConfigurationName = Release;
		};
		D8CB13C22A0D2E9E00BFB673 /* Build configuration list for PBXNativeTarget "NTUST_APP" */ = {
			isa = XCConfigurationList;
			buildConfigurations = (
				D8CB13C32A0D2E9E00BFB673 /* Debug */,
				D8CB13C42A0D2E9E00BFB673 /* Release */,
			);
			defaultConfigurationIsVisible = 0;
			defaultConfigurationName = Release;
		};
		D8CB13C52A0D2E9E00BFB673 /* Build configuration list for PBXNativeTarget "NTUST_APPTests" */ = {
			isa = XCConfigurationList;
			buildConfigurations = (
				D8CB13C62A0D2E9E00BFB673 /* Debug */,
				D8CB13C72A0D2E9E00BFB673 /* Release */,
			);
			defaultConfigurationIsVisible = 0;
			defaultConfigurationName = Release;
		};
		D8CB13C82A0D2E9E00BFB673 /* Build configuration list for PBXNativeTarget "NTUST_APPUITests" */ = {
			isa = XCConfigurationList;
			buildConfigurations = (
				D8CB13C92A0D2E9E00BFB673 /* Debug */,
				D8CB13CA2A0D2E9E00BFB673 /* Release */,
			);
			defaultConfigurationIsVisible = 0;
			defaultConfigurationName = Release;
		};
/* End XCConfigurationList section */

/* Begin XCVersionGroup section */
		D8CB13A72A0D2E9E00BFB673 /* NTUST_APP.xcdatamodeld */ = {
			isa = XCVersionGroup;
			children = (
				D8CB13A82A0D2E9E00BFB673 /* NTUST_APP.xcdatamodel */,
			);
			currentVersion = D8CB13A82A0D2E9E00BFB673 /* NTUST_APP.xcdatamodel */;
			path = NTUST_APP.xcdatamodeld;
			sourceTree = "<group>";
			versionGroupType = wrapper.xcdatamodel;
		};
/* End XCVersionGroup section */
	};
	rootObject = D8CB13912A0D2E9B00BFB673 /* Project object */;
}
